
Microsoft Visual Studio Solution File, Format Version 10.00
# Visual Studio 2008
Project("{8BC9CEB8-8B4A-11D0-8D11-00A0C91BC942}") = "Basic2D", "Basic2D\Basic2D.vcproj", "{6F7FC773-D0E4-4FC4-BB3F-2FF5DC3EA495}"
EndProject
Project("{8BC9CEB8-8B4A-11D0-8D11-00A0C91BC942}") = "AdvancedMatrix", "AdvancedMatrix\AdvancedMatrix.vcproj", "{3095B9E1-F0B0-4F5F-8E7E-3A362E1F4BCF}"
EndProject
Project("{8BC9CEB8-8B4A-11D0-8D11-00A0C91BC942}") = "Animation", "Animation\Animation.vcproj", "{7BBD98EB-0DFE-4602-AA0B-0F657CE494E8}"
EndProject
Project("{8BC9CEB8-8B4A-11D0-8D11-00A0C91BC942}") = "Bitmap", "Bitmap\Bitmap.vcproj", "{D7763803-1667-4016-ACA2-F595DD7581ED}"
EndProject
Project("{8BC9CEB8-8B4A-11D0-8D11-00A0C91BC942}") = "BSPCompiler", "BSPCompiler\BSPCompiler.vcproj", "{E62275F4-1D0E-4D6F-9C05-250D24B090D7}"
EndProject
Project("{8BC9CEB8-8B4A-11D0-8D11-00A0C91BC942}") = "Camera", "Camera\Camera.vcproj", "{1311DBF5-D188-4034-B25D-AE7A36878C01}"
EndProject
Project("{8BC9CEB8-8B4A-11D0-8D11-00A0C91BC942}") = "Conv3DS", "Conv3DS\Conv3DS.vcproj", "{F88B9EF5-1705-4E9D-AFFC-5F3891913F71}"
EndProject
Project("{8BC9CEB8-8B4A-11D0-8D11-00A0C91BC942}") = "ConvMD2", "ConvMD2\ConvMD2.vcproj", "{82745C53-5B53-4316-AAB2-654D33944ED7}"
EndProject
Project("{8BC9CEB8-8B4A-11D0-8D11-00A0C91BC942}") = "ConvMD3", "ConvMD3\ConvMD3.vcproj", "{C7805CD0-B62D-4422-9172-78C440474F04}"
EndProject
Project("{8BC9CEB8-8B4A-11D0-8D11-00A0C91BC942}") = "ConvMDL", "ConvMDL\ConvMDL.vcproj", "{4F53B00D-F4EF-4AE0-9846-3279CD91906B}"
EndProject
Project("{8BC9CEB8-8B4A-11D0-8D11-00A0C91BC942}") = "DBDLLCore", "Core\DBDLLCore.vcproj", "{B81553CC-39BB-4542-A379-F49D2F3A73A3}"
EndProject
Project("{8BC9CEB8-8B4A-11D0-8D11-00A0C91BC942}") = "CustomBSP", "CustomBSP\CustomBSP.vcproj", "{159700CF-768A-4FE5-9B15-32783BD48AF6}"
EndProject
Project("{8BC9CEB8-8B4A-11D0-8D11-00A0C91BC942}") = "File", "File\File.vcproj", "{19D06E7C-892B-4461-87C6-166634AB6513}"
EndProject
Project("{8BC9CEB8-8B4A-11D0-8D11-00A0C91BC942}") = "FTP", "FTP\FTP.vcproj", "{C0A62805-4411-4176-A24A-91CE14219778}"
EndProject
Project("{8BC9CEB8-8B4A-11D0-8D11-00A0C91BC942}") = "Image", "Image\Image.vcproj", "{8BA32D12-D5B1-412B-967A-C329376CBEC6}"
EndProject
Project("{8BC9CEB8-8B4A-11D0-8D11-00A0C91BC942}") = "Input", "Input\Input.vcproj", "{3B7BC9B2-3FDB-4129-A700-59F05B480293}"
EndProject
Project("{8BC9CEB8-8B4A-11D0-8D11-00A0C91BC942}") = "Light", "Light\Light.vcproj", "{8563B5F0-10AC-494E-B27B-0A7AFD0BD0E1}"
EndProject
Project("{8BC9CEB8-8B4A-11D0-8D11-00A0C91BC942}") = "Matrix", "Matrix\Matrix.vcproj", "{89417A9E-4A43-4E6B-B37A-C1D8E139135D}"
EndProject
Project("{8BC9CEB8-8B4A-11D0-8D11-00A0C91BC942}") = "Memblocks", "Memblocks\Memblocks.vcproj", "{FDB42674-ABA0-41AC-9552-C5B6A6DECDDB}"
EndProject
Project("{8BC9CEB8-8B4A-11D0-8D11-00A0C91BC942}") = "Multiplayer", "Multiplayer\Multiplayer.vcproj", "{72747D71-E73D-43BF-A456-B0C1411E383E}"
EndProject
Project("{8BC9CEB8-8B4A-11D0-8D11-00A0C91BC942}") = "Music", "Music\Music.vcproj", "{9040D20A-77A9-4347-96A4-A93036F7B9DA}"
EndProject
Project("{8BC9CEB8-8B4A-11D0-8D11-00A0C91BC942}") = "Objects", "Objects\Objects.vcproj", "{5EC29E1C-8C20-4C9C-9C2D-71493CE16D73}"
EndProject
Project("{8BC9CEB8-8B4A-11D0-8D11-00A0C91BC942}") = "Particles", "Particles\Particles.vcproj", "{393616CD-EA28-4DF1-B4E6-DE0861168165}"
EndProject
Project("{8BC9CEB8-8B4A-11D0-8D11-00A0C91BC942}") = "Q2BSP", "Q2BSP\Q2BSP.vcproj", "{1A0AA9DC-0BD1-4310-A52B-9143184D3AB4}"
EndProject
Project("{8BC9CEB8-8B4A-11D0-8D11-00A0C91BC942}") = "Q3BSP", "Q3BSP\Q3BSP.vcproj", "{89F16BC7-307E-46F5-AAF1-55B1A7CB31B9}"
EndProject
Project("{8BC9CEB8-8B4A-11D0-8D11-00A0C91BC942}") = "Setup", "Setup\Setup.vcproj", "{C22CB11E-0592-4DDD-B8D8-296FCA25F07C}"
EndProject
Project("{8BC9CEB8-8B4A-11D0-8D11-00A0C91BC942}") = "Sound", "Sound\Sound.vcproj", "{3FD0AB41-23EC-492A-8161-95A253684D05}"
EndProject
Project("{8BC9CEB8-8B4A-11D0-8D11-00A0C91BC942}") = "Sprites", "Sprites\Sprites.vcproj", "{368D8DDB-C349-4FF1-A848-1D14C0944500}"
EndProject
Project("{8BC9CEB8-8B4A-11D0-8D11-00A0C91BC942}") = "System", "System\System.vcproj", "{35D0D628-907B-4378-95E1-EEF2B5E891BF}"
EndProject
Project("{8BC9CEB8-8B4A-11D0-8D11-00A0C91BC942}") = "Text", "Text\Text.vcproj", "{73383739-8763-47B9-8A3F-6727B491191D}"
EndProject
Project("{8BC9CEB8-8B4A-11D0-8D11-00A0C91BC942}") = "Vectors", "Vectors\Vectors.vcproj", "{E72F0AB4-B8E1-4424-96DC-4C23F167FCA6}"
EndProject
Project("{8BC9CEB8-8B4A-11D0-8D11-00A0C91BC942}") = "ConvX", "ConvX\ConvX.vcproj", "{06E6A302-6658-4E0E-A894-577D5BD556D7}"
EndProject
Project("{8BC9CEB8-8B4A-11D0-8D11-00A0C91BC942}") = "ODE", "ODE\ODE.VCPROJ", "{3F5EF078-6C44-4D81-B1BC-E3077C778334}"
EndProject
Global
	GlobalSection(SolutionConfigurationPlatforms) = preSolution
		Debug|Win32 = Debug|Win32
		Release|Win32 = Release|Win32
		ReleaseVR920|Win32 = ReleaseVR920|Win32
	EndGlobalSection
	GlobalSection(ProjectConfigurationPlatforms) = postSolution
		{6F7FC773-D0E4-4FC4-BB3F-2FF5DC3EA495}.Debug|Win32.ActiveCfg = Debug|Win32
		{6F7FC773-D0E4-4FC4-BB3F-2FF5DC3EA495}.Debug|Win32.Build.0 = Debug|Win32
		{6F7FC773-D0E4-4FC4-BB3F-2FF5DC3EA495}.Release|Win32.ActiveCfg = Release|Win32
		{6F7FC773-D0E4-4FC4-BB3F-2FF5DC3EA495}.Release|Win32.Build.0 = Release|Win32
		{6F7FC773-D0E4-4FC4-BB3F-2FF5DC3EA495}.ReleaseVR920|Win32.ActiveCfg = ReleaseVR920|Win32
		{6F7FC773-D0E4-4FC4-BB3F-2FF5DC3EA495}.ReleaseVR920|Win32.Build.0 = ReleaseVR920|Win32
		{3095B9E1-F0B0-4F5F-8E7E-3A362E1F4BCF}.Debug|Win32.ActiveCfg = Debug|Win32
		{3095B9E1-F0B0-4F5F-8E7E-3A362E1F4BCF}.Debug|Win32.Build.0 = Debug|Win32
		{3095B9E1-F0B0-4F5F-8E7E-3A362E1F4BCF}.Release|Win32.ActiveCfg = Release|Win32
		{3095B9E1-F0B0-4F5F-8E7E-3A362E1F4BCF}.Release|Win32.Build.0 = Release|Win32
		{3095B9E1-F0B0-4F5F-8E7E-3A362E1F4BCF}.ReleaseVR920|Win32.ActiveCfg = ReleaseVR920|Win32
		{3095B9E1-F0B0-4F5F-8E7E-3A362E1F4BCF}.ReleaseVR920|Win32.Build.0 = ReleaseVR920|Win32
		{7BBD98EB-0DFE-4602-AA0B-0F657CE494E8}.Debug|Win32.ActiveCfg = Debug|Win32
		{7BBD98EB-0DFE-4602-AA0B-0F657CE494E8}.Debug|Win32.Build.0 = Debug|Win32
		{7BBD98EB-0DFE-4602-AA0B-0F657CE494E8}.Release|Win32.ActiveCfg = Release|Win32
		{7BBD98EB-0DFE-4602-AA0B-0F657CE494E8}.Release|Win32.Build.0 = Release|Win32
		{7BBD98EB-0DFE-4602-AA0B-0F657CE494E8}.ReleaseVR920|Win32.ActiveCfg = ReleaseVR920|Win32
		{7BBD98EB-0DFE-4602-AA0B-0F657CE494E8}.ReleaseVR920|Win32.Build.0 = ReleaseVR920|Win32
		{D7763803-1667-4016-ACA2-F595DD7581ED}.Debug|Win32.ActiveCfg = Debug|Win32
		{D7763803-1667-4016-ACA2-F595DD7581ED}.Debug|Win32.Build.0 = Debug|Win32
		{D7763803-1667-4016-ACA2-F595DD7581ED}.Release|Win32.ActiveCfg = Release|Win32
		{D7763803-1667-4016-ACA2-F595DD7581ED}.Release|Win32.Build.0 = Release|Win32
		{D7763803-1667-4016-ACA2-F595DD7581ED}.ReleaseVR920|Win32.ActiveCfg = ReleaseVR920|Win32
		{D7763803-1667-4016-ACA2-F595DD7581ED}.ReleaseVR920|Win32.Build.0 = ReleaseVR920|Win32
		{E62275F4-1D0E-4D6F-9C05-250D24B090D7}.Debug|Win32.ActiveCfg = Debug|Win32
		{E62275F4-1D0E-4D6F-9C05-250D24B090D7}.Debug|Win32.Build.0 = Debug|Win32
		{E62275F4-1D0E-4D6F-9C05-250D24B090D7}.Release|Win32.ActiveCfg = Release|Win32
		{E62275F4-1D0E-4D6F-9C05-250D24B090D7}.Release|Win32.Build.0 = Release|Win32
		{E62275F4-1D0E-4D6F-9C05-250D24B090D7}.ReleaseVR920|Win32.ActiveCfg = ReleaseVR920|Win32
		{E62275F4-1D0E-4D6F-9C05-250D24B090D7}.ReleaseVR920|Win32.Build.0 = ReleaseVR920|Win32
		{1311DBF5-D188-4034-B25D-AE7A36878C01}.Debug|Win32.ActiveCfg = Debug|Win32
		{1311DBF5-D188-4034-B25D-AE7A36878C01}.Debug|Win32.Build.0 = Debug|Win32
		{1311DBF5-D188-4034-B25D-AE7A36878C01}.Release|Win32.ActiveCfg = Release|Win32
		{1311DBF5-D188-4034-B25D-AE7A36878C01}.Release|Win32.Build.0 = Release|Win32
		{1311DBF5-D188-4034-B25D-AE7A36878C01}.ReleaseVR920|Win32.ActiveCfg = ReleaseVR920|Win32
		{1311DBF5-D188-4034-B25D-AE7A36878C01}.ReleaseVR920|Win32.Build.0 = ReleaseVR920|Win32
		{F88B9EF5-1705-4E9D-AFFC-5F3891913F71}.Debug|Win32.ActiveCfg = Debug|Win32
		{F88B9EF5-1705-4E9D-AFFC-5F3891913F71}.Debug|Win32.Build.0 = Debug|Win32
		{F88B9EF5-1705-4E9D-AFFC-5F3891913F71}.Release|Win32.ActiveCfg = Release|Win32
		{F88B9EF5-1705-4E9D-AFFC-5F3891913F71}.Release|Win32.Build.0 = Release|Win32
		{F88B9EF5-1705-4E9D-AFFC-5F3891913F71}.ReleaseVR920|Win32.ActiveCfg = ReleaseVR920|Win32
		{F88B9EF5-1705-4E9D-AFFC-5F3891913F71}.ReleaseVR920|Win32.Build.0 = ReleaseVR920|Win32
		{82745C53-5B53-4316-AAB2-654D33944ED7}.Debug|Win32.ActiveCfg = Debug|Win32
		{82745C53-5B53-4316-AAB2-654D33944ED7}.Debug|Win32.Build.0 = Debug|Win32
		{82745C53-5B53-4316-AAB2-654D33944ED7}.Release|Win32.ActiveCfg = Release|Win32
		{82745C53-5B53-4316-AAB2-654D33944ED7}.Release|Win32.Build.0 = Release|Win32
		{82745C53-5B53-4316-AAB2-654D33944ED7}.ReleaseVR920|Win32.ActiveCfg = ReleaseVR920|Win32
		{82745C53-5B53-4316-AAB2-654D33944ED7}.ReleaseVR920|Win32.Build.0 = ReleaseVR920|Win32
		{C7805CD0-B62D-4422-9172-78C440474F04}.Debug|Win32.ActiveCfg = Debug|Win32
		{C7805CD0-B62D-4422-9172-78C440474F04}.Debug|Win32.Build.0 = Debug|Win32
		{C7805CD0-B62D-4422-9172-78C440474F04}.Release|Win32.ActiveCfg = Release|Win32
		{C7805CD0-B62D-4422-9172-78C440474F04}.Release|Win32.Build.0 = Release|Win32
		{C7805CD0-B62D-4422-9172-78C440474F04}.ReleaseVR920|Win32.ActiveCfg = ReleaseVR920|Win32
		{C7805CD0-B62D-4422-9172-78C440474F04}.ReleaseVR920|Win32.Build.0 = ReleaseVR920|Win32
		{4F53B00D-F4EF-4AE0-9846-3279CD91906B}.Debug|Win32.ActiveCfg = Debug|Win32
		{4F53B00D-F4EF-4AE0-9846-3279CD91906B}.Debug|Win32.Build.0 = Debug|Win32
		{4F53B00D-F4EF-4AE0-9846-3279CD91906B}.Release|Win32.ActiveCfg = Release|Win32
		{4F53B00D-F4EF-4AE0-9846-3279CD91906B}.Release|Win32.Build.0 = Release|Win32
		{4F53B00D-F4EF-4AE0-9846-3279CD91906B}.ReleaseVR920|Win32.ActiveCfg = ReleaseVR920|Win32
		{4F53B00D-F4EF-4AE0-9846-3279CD91906B}.ReleaseVR920|Win32.Build.0 = ReleaseVR920|Win32
		{B81553CC-39BB-4542-A379-F49D2F3A73A3}.Debug|Win32.ActiveCfg = Debug|Win32
		{B81553CC-39BB-4542-A379-F49D2F3A73A3}.Debug|Win32.Build.0 = Debug|Win32
		{B81553CC-39BB-4542-A379-F49D2F3A73A3}.Release|Win32.ActiveCfg = Release|Win32
		{B81553CC-39BB-4542-A379-F49D2F3A73A3}.Release|Win32.Build.0 = Release|Win32
		{B81553CC-39BB-4542-A379-F49D2F3A73A3}.ReleaseVR920|Win32.ActiveCfg = ReleaseVR920|Win32
		{B81553CC-39BB-4542-A379-F49D2F3A73A3}.ReleaseVR920|Win32.Build.0 = ReleaseVR920|Win32
		{159700CF-768A-4FE5-9B15-32783BD48AF6}.Debug|Win32.ActiveCfg = Debug|Win32
		{159700CF-768A-4FE5-9B15-32783BD48AF6}.Debug|Win32.Build.0 = Debug|Win32
		{159700CF-768A-4FE5-9B15-32783BD48AF6}.Release|Win32.ActiveCfg = Release|Win32
		{159700CF-768A-4FE5-9B15-32783BD48AF6}.Release|Win32.Build.0 = Release|Win32
		{159700CF-768A-4FE5-9B15-32783BD48AF6}.ReleaseVR920|Win32.ActiveCfg = ReleaseVR920|Win32
		{159700CF-768A-4FE5-9B15-32783BD48AF6}.ReleaseVR920|Win32.Build.0 = ReleaseVR920|Win32
		{19D06E7C-892B-4461-87C6-166634AB6513}.Debug|Win32.ActiveCfg = Debug|Win32
		{19D06E7C-892B-4461-87C6-166634AB6513}.Debug|Win32.Build.0 = Debug|Win32
		{19D06E7C-892B-4461-87C6-166634AB6513}.Release|Win32.ActiveCfg = Release|Win32
		{19D06E7C-892B-4461-87C6-166634AB6513}.Release|Win32.Build.0 = Release|Win32
		{19D06E7C-892B-4461-87C6-166634AB6513}.ReleaseVR920|Win32.ActiveCfg = ReleaseVR920|Win32
		{19D06E7C-892B-4461-87C6-166634AB6513}.ReleaseVR920|Win32.Build.0 = ReleaseVR920|Win32
		{C0A62805-4411-4176-A24A-91CE14219778}.Debug|Win32.ActiveCfg = Debug|Win32
		{C0A62805-4411-4176-A24A-91CE14219778}.Debug|Win32.Build.0 = Debug|Win32
		{C0A62805-4411-4176-A24A-91CE14219778}.Release|Win32.ActiveCfg = Release|Win32
		{C0A62805-4411-4176-A24A-91CE14219778}.Release|Win32.Build.0 = Release|Win32
		{C0A62805-4411-4176-A24A-91CE14219778}.ReleaseVR920|Win32.ActiveCfg = ReleaseVR920|Win32
		{C0A62805-4411-4176-A24A-91CE14219778}.ReleaseVR920|Win32.Build.0 = ReleaseVR920|Win32
		{8BA32D12-D5B1-412B-967A-C329376CBEC6}.Debug|Win32.ActiveCfg = Debug|Win32
		{8BA32D12-D5B1-412B-967A-C329376CBEC6}.Debug|Win32.Build.0 = Debug|Win32
		{8BA32D12-D5B1-412B-967A-C329376CBEC6}.Release|Win32.ActiveCfg = Release|Win32
		{8BA32D12-D5B1-412B-967A-C329376CBEC6}.Release|Win32.Build.0 = Release|Win32
		{8BA32D12-D5B1-412B-967A-C329376CBEC6}.ReleaseVR920|Win32.ActiveCfg = ReleaseVR920|Win32
		{8BA32D12-D5B1-412B-967A-C329376CBEC6}.ReleaseVR920|Win32.Build.0 = ReleaseVR920|Win32
		{3B7BC9B2-3FDB-4129-A700-59F05B480293}.Debug|Win32.ActiveCfg = Debug|Win32
		{3B7BC9B2-3FDB-4129-A700-59F05B480293}.Debug|Win32.Build.0 = Debug|Win32
		{3B7BC9B2-3FDB-4129-A700-59F05B480293}.Release|Win32.ActiveCfg = Release|Win32
		{3B7BC9B2-3FDB-4129-A700-59F05B480293}.Release|Win32.Build.0 = Release|Win32
		{3B7BC9B2-3FDB-4129-A700-59F05B480293}.ReleaseVR920|Win32.ActiveCfg = ReleaseVR920|Win32
		{3B7BC9B2-3FDB-4129-A700-59F05B480293}.ReleaseVR920|Win32.Build.0 = ReleaseVR920|Win32
		{8563B5F0-10AC-494E-B27B-0A7AFD0BD0E1}.Debug|Win32.ActiveCfg = Debug|Win32
		{8563B5F0-10AC-494E-B27B-0A7AFD0BD0E1}.Debug|Win32.Build.0 = Debug|Win32
		{8563B5F0-10AC-494E-B27B-0A7AFD0BD0E1}.Release|Win32.ActiveCfg = Release|Win32
		{8563B5F0-10AC-494E-B27B-0A7AFD0BD0E1}.Release|Win32.Build.0 = Release|Win32
		{8563B5F0-10AC-494E-B27B-0A7AFD0BD0E1}.ReleaseVR920|Win32.ActiveCfg = ReleaseVR920|Win32
		{8563B5F0-10AC-494E-B27B-0A7AFD0BD0E1}.ReleaseVR920|Win32.Build.0 = ReleaseVR920|Win32
		{89417A9E-4A43-4E6B-B37A-C1D8E139135D}.Debug|Win32.ActiveCfg = Debug|Win32
		{89417A9E-4A43-4E6B-B37A-C1D8E139135D}.Debug|Win32.Build.0 = Debug|Win32
		{89417A9E-4A43-4E6B-B37A-C1D8E139135D}.Release|Win32.ActiveCfg = Release|Win32
		{89417A9E-4A43-4E6B-B37A-C1D8E139135D}.Release|Win32.Build.0 = Release|Win32
		{89417A9E-4A43-4E6B-B37A-C1D8E139135D}.ReleaseVR920|Win32.ActiveCfg = ReleaseVR920|Win32
		{89417A9E-4A43-4E6B-B37A-C1D8E139135D}.ReleaseVR920|Win32.Build.0 = ReleaseVR920|Win32
		{FDB42674-ABA0-41AC-9552-C5B6A6DECDDB}.Debug|Win32.ActiveCfg = Debug|Win32
		{FDB42674-ABA0-41AC-9552-C5B6A6DECDDB}.Debug|Win32.Build.0 = Debug|Win32
		{FDB42674-ABA0-41AC-9552-C5B6A6DECDDB}.Release|Win32.ActiveCfg = Release|Win32
		{FDB42674-ABA0-41AC-9552-C5B6A6DECDDB}.Release|Win32.Build.0 = Release|Win32
		{FDB42674-ABA0-41AC-9552-C5B6A6DECDDB}.ReleaseVR920|Win32.ActiveCfg = ReleaseVR920|Win32
		{FDB42674-ABA0-41AC-9552-C5B6A6DECDDB}.ReleaseVR920|Win32.Build.0 = ReleaseVR920|Win32
		{72747D71-E73D-43BF-A456-B0C1411E383E}.Debug|Win32.ActiveCfg = Debug|Win32
		{72747D71-E73D-43BF-A456-B0C1411E383E}.Debug|Win32.Build.0 = Debug|Win32
		{72747D71-E73D-43BF-A456-B0C1411E383E}.Release|Win32.ActiveCfg = Release|Win32
		{72747D71-E73D-43BF-A456-B0C1411E383E}.Release|Win32.Build.0 = Release|Win32
		{72747D71-E73D-43BF-A456-B0C1411E383E}.ReleaseVR920|Win32.ActiveCfg = ReleaseVR920|Win32
		{72747D71-E73D-43BF-A456-B0C1411E383E}.ReleaseVR920|Win32.Build.0 = ReleaseVR920|Win32
		{9040D20A-77A9-4347-96A4-A93036F7B9DA}.Debug|Win32.ActiveCfg = Debug|Win32
		{9040D20A-77A9-4347-96A4-A93036F7B9DA}.Debug|Win32.Build.0 = Debug|Win32
		{9040D20A-77A9-4347-96A4-A93036F7B9DA}.Release|Win32.ActiveCfg = Release|Win32
		{9040D20A-77A9-4347-96A4-A93036F7B9DA}.Release|Win32.Build.0 = Release|Win32
		{9040D20A-77A9-4347-96A4-A93036F7B9DA}.ReleaseVR920|Win32.ActiveCfg = ReleaseVR920|Win32
		{9040D20A-77A9-4347-96A4-A93036F7B9DA}.ReleaseVR920|Win32.Build.0 = ReleaseVR920|Win32
		{5EC29E1C-8C20-4C9C-9C2D-71493CE16D73}.Debug|Win32.ActiveCfg = Debug|Win32
		{5EC29E1C-8C20-4C9C-9C2D-71493CE16D73}.Debug|Win32.Build.0 = Debug|Win32
		{5EC29E1C-8C20-4C9C-9C2D-71493CE16D73}.Release|Win32.ActiveCfg = Release|Win32
		{5EC29E1C-8C20-4C9C-9C2D-71493CE16D73}.Release|Win32.Build.0 = Release|Win32
		{5EC29E1C-8C20-4C9C-9C2D-71493CE16D73}.ReleaseVR920|Win32.ActiveCfg = ReleaseVR920|Win32
		{5EC29E1C-8C20-4C9C-9C2D-71493CE16D73}.ReleaseVR920|Win32.Build.0 = ReleaseVR920|Win32
		{393616CD-EA28-4DF1-B4E6-DE0861168165}.Debug|Win32.ActiveCfg = Debug|Win32
		{393616CD-EA28-4DF1-B4E6-DE0861168165}.Debug|Win32.Build.0 = Debug|Win32
		{393616CD-EA28-4DF1-B4E6-DE0861168165}.Release|Win32.ActiveCfg = Release|Win32
		{393616CD-EA28-4DF1-B4E6-DE0861168165}.Release|Win32.Build.0 = Release|Win32
		{393616CD-EA28-4DF1-B4E6-DE0861168165}.ReleaseVR920|Win32.ActiveCfg = ReleaseVR920|Win32
		{393616CD-EA28-4DF1-B4E6-DE0861168165}.ReleaseVR920|Win32.Build.0 = ReleaseVR920|Win32
		{1A0AA9DC-0BD1-4310-A52B-9143184D3AB4}.Debug|Win32.ActiveCfg = Debug|Win32
		{1A0AA9DC-0BD1-4310-A52B-9143184D3AB4}.Debug|Win32.Build.0 = Debug|Win32
		{1A0AA9DC-0BD1-4310-A52B-9143184D3AB4}.Release|Win32.ActiveCfg = Release|Win32
		{1A0AA9DC-0BD1-4310-A52B-9143184D3AB4}.Release|Win32.Build.0 = Release|Win32
		{1A0AA9DC-0BD1-4310-A52B-9143184D3AB4}.ReleaseVR920|Win32.ActiveCfg = ReleaseVR920|Win32
		{1A0AA9DC-0BD1-4310-A52B-9143184D3AB4}.ReleaseVR920|Win32.Build.0 = ReleaseVR920|Win32
		{89F16BC7-307E-46F5-AAF1-55B1A7CB31B9}.Debug|Win32.ActiveCfg = Debug|Win32
		{89F16BC7-307E-46F5-AAF1-55B1A7CB31B9}.Debug|Win32.Build.0 = Debug|Win32
		{89F16BC7-307E-46F5-AAF1-55B1A7CB31B9}.Release|Win32.ActiveCfg = Release|Win32
		{89F16BC7-307E-46F5-AAF1-55B1A7CB31B9}.Release|Win32.Build.0 = Release|Win32
		{89F16BC7-307E-46F5-AAF1-55B1A7CB31B9}.ReleaseVR920|Win32.ActiveCfg = ReleaseVR920|Win32
		{89F16BC7-307E-46F5-AAF1-55B1A7CB31B9}.ReleaseVR920|Win32.Build.0 = ReleaseVR920|Win32
		{C22CB11E-0592-4DDD-B8D8-296FCA25F07C}.Debug|Win32.ActiveCfg = Debug|Win32
		{C22CB11E-0592-4DDD-B8D8-296FCA25F07C}.Debug|Win32.Build.0 = Debug|Win32
		{C22CB11E-0592-4DDD-B8D8-296FCA25F07C}.Release|Win32.ActiveCfg = Release|Win32
		{C22CB11E-0592-4DDD-B8D8-296FCA25F07C}.Release|Win32.Build.0 = Release|Win32
		{C22CB11E-0592-4DDD-B8D8-296FCA25F07C}.ReleaseVR920|Win32.ActiveCfg = ReleaseVR920|Win32
		{C22CB11E-0592-4DDD-B8D8-296FCA25F07C}.ReleaseVR920|Win32.Build.0 = ReleaseVR920|Win32
		{3FD0AB41-23EC-492A-8161-95A253684D05}.Debug|Win32.ActiveCfg = Debug|Win32
		{3FD0AB41-23EC-492A-8161-95A253684D05}.Debug|Win32.Build.0 = Debug|Win32
		{3FD0AB41-23EC-492A-8161-95A253684D05}.Release|Win32.ActiveCfg = Release|Win32
		{3FD0AB41-23EC-492A-8161-95A253684D05}.Release|Win32.Build.0 = Release|Win32
		{3FD0AB41-23EC-492A-8161-95A253684D05}.ReleaseVR920|Win32.ActiveCfg = ReleaseVR920|Win32
		{3FD0AB41-23EC-492A-8161-95A253684D05}.ReleaseVR920|Win32.Build.0 = ReleaseVR920|Win32
		{368D8DDB-C349-4FF1-A848-1D14C0944500}.Debug|Win32.ActiveCfg = Debug|Win32
		{368D8DDB-C349-4FF1-A848-1D14C0944500}.Debug|Win32.Build.0 = Debug|Win32
		{368D8DDB-C349-4FF1-A848-1D14C0944500}.Release|Win32.ActiveCfg = Release|Win32
		{368D8DDB-C349-4FF1-A848-1D14C0944500}.Release|Win32.Build.0 = Release|Win32
		{368D8DDB-C349-4FF1-A848-1D14C0944500}.ReleaseVR920|Win32.ActiveCfg = ReleaseVR920|Win32
		{368D8DDB-C349-4FF1-A848-1D14C0944500}.ReleaseVR920|Win32.Build.0 = ReleaseVR920|Win32
		{35D0D628-907B-4378-95E1-EEF2B5E891BF}.Debug|Win32.ActiveCfg = Debug|Win32
		{35D0D628-907B-4378-95E1-EEF2B5E891BF}.Debug|Win32.Build.0 = Debug|Win32
		{35D0D628-907B-4378-95E1-EEF2B5E891BF}.Release|Win32.ActiveCfg = Release|Win32
		{35D0D628-907B-4378-95E1-EEF2B5E891BF}.Release|Win32.Build.0 = Release|Win32
		{35D0D628-907B-4378-95E1-EEF2B5E891BF}.ReleaseVR920|Win32.ActiveCfg = ReleaseVR920|Win32
		{35D0D628-907B-4378-95E1-EEF2B5E891BF}.ReleaseVR920|Win32.Build.0 = ReleaseVR920|Win32
		{73383739-8763-47B9-8A3F-6727B491191D}.Debug|Win32.ActiveCfg = Debug|Win32
		{73383739-8763-47B9-8A3F-6727B491191D}.Debug|Win32.Build.0 = Debug|Win32
		{73383739-8763-47B9-8A3F-6727B491191D}.Release|Win32.ActiveCfg = Release|Win32
		{73383739-8763-47B9-8A3F-6727B491191D}.Release|Win32.Build.0 = Release|Win32
		{73383739-8763-47B9-8A3F-6727B491191D}.ReleaseVR920|Win32.ActiveCfg = ReleaseVR920|Win32
		{73383739-8763-47B9-8A3F-6727B491191D}.ReleaseVR920|Win32.Build.0 = ReleaseVR920|Win32
		{E72F0AB4-B8E1-4424-96DC-4C23F167FCA6}.Debug|Win32.ActiveCfg = Debug|Win32
		{E72F0AB4-B8E1-4424-96DC-4C23F167FCA6}.Debug|Win32.Build.0 = Debug|Win32
		{E72F0AB4-B8E1-4424-96DC-4C23F167FCA6}.Release|Win32.ActiveCfg = Release|Win32
		{E72F0AB4-B8E1-4424-96DC-4C23F167FCA6}.Release|Win32.Build.0 = Release|Win32
		{E72F0AB4-B8E1-4424-96DC-4C23F167FCA6}.ReleaseVR920|Win32.ActiveCfg = ReleaseVR920|Win32
		{E72F0AB4-B8E1-4424-96DC-4C23F167FCA6}.ReleaseVR920|Win32.Build.0 = ReleaseVR920|Win32
		{06E6A302-6658-4E0E-A894-577D5BD556D7}.Debug|Win32.ActiveCfg = Debug|Win32
		{06E6A302-6658-4E0E-A894-577D5BD556D7}.Debug|Win32.Build.0 = Debug|Win32
		{06E6A302-6658-4E0E-A894-577D5BD556D7}.Release|Win32.ActiveCfg = Release|Win32
		{06E6A302-6658-4E0E-A894-577D5BD556D7}.Release|Win32.Build.0 = Release|Win32
		{06E6A302-6658-4E0E-A894-577D5BD556D7}.ReleaseVR920|Win32.ActiveCfg = ReleaseVR920|Win32
		{06E6A302-6658-4E0E-A894-577D5BD556D7}.ReleaseVR920|Win32.Build.0 = ReleaseVR920|Win32
		{3F5EF078-6C44-4D81-B1BC-E3077C778334}.Debug|Win32.ActiveCfg = Debug|Win32
		{3F5EF078-6C44-4D81-B1BC-E3077C778334}.Debug|Win32.Build.0 = Debug|Win32
		{3F5EF078-6C44-4D81-B1BC-E3077C778334}.Release|Win32.ActiveCfg = ReleaseX9|Win32
		{3F5EF078-6C44-4D81-B1BC-E3077C778334}.Release|Win32.Build.0 = ReleaseX9|Win32
		{3F5EF078-6C44-4D81-B1BC-E3077C778334}.ReleaseVR920|Win32.ActiveCfg = ReleaseVR920|Win32
		{3F5EF078-6C44-4D81-B1BC-E3077C778334}.ReleaseVR920|Win32.Build.0 = ReleaseVR920|Win32
	EndGlobalSection
	GlobalSection(SolutionProperties) = preSolution
		HideSolutionNode = FALSE
	EndGlobalSection
EndGlobal
