Microsoft Visual Studio Solution File, Format Version 10.00
# Visual Studio 2008
Project("{8BC9CEB8-8B4A-11D0-8D11-00A0C91BC942}") = "3DMaths", "3DMaths\3DMaths.vcproj", "{24985715-9B0B-4A64-AAE1-5F6F616845F0}"
EndProject
Project("{8BC9CEB8-8B4A-11D0-8D11-00A0C91BC942}") = "Animation", "Animation\Animation.vcproj", "{89C1F848-71FC-44ED-9950-2B22E04106D4}"
EndProject
Project("{8BC9CEB8-8B4A-11D0-8D11-00A0C91BC942}") = "Basic2D", "Basic2D\Basic2D.vcproj", "{0CBF7982-168C-4B1D-A13D-31677B2EBDE8}"
EndProject
Project("{8BC9CEB8-8B4A-11D0-8D11-00A0C91BC942}") = "Basic3D", "Basic3D\Basic3D.vcproj", "{AC10FD14-D3B5-4072-9C3A-5D643CE31133}"
EndProject
Project("{8BC9CEB8-8B4A-11D0-8D11-00A0C91BC942}") = "Bitmap", "Bitmap\Bitmap.vcproj", "{926C46CA-C901-448F-B5D0-843BC77E91F4}"
EndProject
Project("{8BC9CEB8-8B4A-11D0-8D11-00A0C91BC942}") = "Camera", "Camera\Camera.vcproj", "{129EA144-2131-4FDD-B21D-1712A35DACED}"
EndProject
Project("{8BC9CEB8-8B4A-11D0-8D11-00A0C91BC942}") = "Conv3DS", "Conv3DS\Conv3DS.vcproj", "{587A2237-A34E-4926-B576-C68393198344}"
EndProject
Project("{8BC9CEB8-8B4A-11D0-8D11-00A0C91BC942}") = "ConvMD2", "ConvMD2\ConvMD2.vcproj", "{BD2F077B-E7D4-4AA7-9AEA-B9F423615273}"
EndProject
Project("{8BC9CEB8-8B4A-11D0-8D11-00A0C91BC942}") = "ConvMD3", "ConvMD3\ConvMD3.vcproj", "{64DD96EF-55A8-469E-BBA3-D5D6D09C371D}"
EndProject
Project("{8BC9CEB8-8B4A-11D0-8D11-00A0C91BC942}") = "ConvMDL", "ConvMDL\ConvMDL.vcproj", "{F175524C-5844-40B7-A277-A38DEAEBB035}"
EndProject
Project("{8BC9CEB8-8B4A-11D0-8D11-00A0C91BC942}") = "ConvX", "ConvX\ConvX.vcproj", "{56E515F8-2F1C-4C54-8C00-1C1CCC7AFC86}"
EndProject
Project("{8BC9CEB8-8B4A-11D0-8D11-00A0C91BC942}") = "Core", "Core\Core.vcproj", "{452BDFA1-680F-4ECE-9D35-AE124D23E58A}"
EndProject
Project("{8BC9CEB8-8B4A-11D0-8D11-00A0C91BC942}") = "Display", "Display\Display.vcproj", "{1B0485B2-3B95-4597-A21C-072677B9979F}"
EndProject
Project("{8BC9CEB8-8B4A-11D0-8D11-00A0C91BC942}") = "FTP", "FTP\FTP.vcproj", "{0F965212-559C-4FE5-916C-B04466058DB0}"
EndProject
Project("{8BC9CEB8-8B4A-11D0-8D11-00A0C91BC942}") = "File", "File\File.vcproj", "{8A18E906-0B82-4A2E-B382-C6A037CD9DD3}"
EndProject
Project("{8BC9CEB8-8B4A-11D0-8D11-00A0C91BC942}") = "Image", "Image\Image.vcproj", "{8DF66428-22D9-4F0A-B0AE-290FF3B7C036}"
EndProject
Project("{8BC9CEB8-8B4A-11D0-8D11-00A0C91BC942}") = "Input", "Input\Input.vcproj", "{AFC4A30F-8601-4B32-B4F2-DAF5D2ACC6CA}"
EndProject
Project("{8BC9CEB8-8B4A-11D0-8D11-00A0C91BC942}") = "Library", "Library\Library.vcproj", "{6F0714A6-70E8-4AD1-B167-C9F3BB05DB2D}"
EndProject
Project("{8BC9CEB8-8B4A-11D0-8D11-00A0C91BC942}") = "Light", "Light\Light.vcproj", "{DE350588-951A-4821-B677-349B47839818}"
EndProject
Project("{8BC9CEB8-8B4A-11D0-8D11-00A0C91BC942}") = "Matrix", "Matrix\Matrix.vcproj", "{6EEA7039-3B99-44C6-A6F4-64407C9CF40A}"
EndProject
Project("{8BC9CEB8-8B4A-11D0-8D11-00A0C91BC942}") = "Memblocks", "Memblocks\Memblocks.vcproj", "{17A8BB33-5A57-44CD-BC69-6137EF32DF5A}"
EndProject
Project("{8BC9CEB8-8B4A-11D0-8D11-00A0C91BC942}") = "Multiplayer", "Multiplayer\Multiplayer.vcproj", "{3C0748EC-19B6-4831-BF9B-3C42B460329C}"
EndProject
Project("{8BC9CEB8-8B4A-11D0-8D11-00A0C91BC942}") = "Music", "Music\Music.vcproj", "{DE9E567C-4AA5-43BC-9533-FEA6168B19B9}"
EndProject
Project("{8BC9CEB8-8B4A-11D0-8D11-00A0C91BC942}") = "Particles", "Particles\Particles.vcproj", "{CA64D616-24FB-422D-94A0-94B65DFA326A}"
EndProject
Project("{8BC9CEB8-8B4A-11D0-8D11-00A0C91BC942}") = "Sound", "Sound\Sound.vcproj", "{B7F71E7B-68F1-4BBF-8660-FBD4F6309571}"
EndProject
Project("{8BC9CEB8-8B4A-11D0-8D11-00A0C91BC942}") = "Sprite", "Sprite\Sprite.vcproj", "{5C63A0F3-4477-46D3-BEC1-AEDDDD642476}"
EndProject
Project("{8BC9CEB8-8B4A-11D0-8D11-00A0C91BC942}") = "System", "System\System.vcproj", "{63A88E85-4B55-481B-92C5-A61B707F0A27}"
EndProject
Project("{8BC9CEB8-8B4A-11D0-8D11-00A0C91BC942}") = "Terrain", "Terrain\Terrain.vcproj", "{2332EAA0-0167-465B-A59A-8CF73266E92C}"
EndProject
Project("{8BC9CEB8-8B4A-11D0-8D11-00A0C91BC942}") = "Text", "Text\Text.vcproj", "{11467B8D-C4C2-447E-B6AC-5D5DD7EEA403}"
EndProject
Project("{8BC9CEB8-8B4A-11D0-8D11-00A0C91BC942}") = "World", "World\World.vcproj", "{2D50D33E-785A-4143-8853-5BB8DEA05FF0}"
EndProject
Project("{8BC9CEB8-8B4A-11D0-8D11-00A0C91BC942}") = "Library2", "Library2\Library2.vcproj", "{F1A87370-7B10-41D6-9309-B8EF964E5DE3}"
EndProject
Global
	GlobalSection(SolutionConfigurationPlatforms) = preSolution
		Debug|Win32 = Debug|Win32
		Release|Win32 = Release|Win32
		ReleaseVR920|Win32 = ReleaseVR920|Win32
	EndGlobalSection
	GlobalSection(ProjectConfigurationPlatforms) = postSolution
		{24985715-9B0B-4A64-AAE1-5F6F616845F0}.Debug|Win32.ActiveCfg = Debug|Win32
		{24985715-9B0B-4A64-AAE1-5F6F616845F0}.Debug|Win32.Build.0 = Debug|Win32
		{24985715-9B0B-4A64-AAE1-5F6F616845F0}.Release|Win32.ActiveCfg = Release|Win32
		{24985715-9B0B-4A64-AAE1-5F6F616845F0}.Release|Win32.Build.0 = Release|Win32
		{24985715-9B0B-4A64-AAE1-5F6F616845F0}.ReleaseVR920|Win32.ActiveCfg = ReleaseVR920|Win32
		{24985715-9B0B-4A64-AAE1-5F6F616845F0}.ReleaseVR920|Win32.Build.0 = ReleaseVR920|Win32
		{89C1F848-71FC-44ED-9950-2B22E04106D4}.Debug|Win32.ActiveCfg = Debug|Win32
		{89C1F848-71FC-44ED-9950-2B22E04106D4}.Debug|Win32.Build.0 = Debug|Win32
		{89C1F848-71FC-44ED-9950-2B22E04106D4}.Release|Win32.ActiveCfg = Release|Win32
		{89C1F848-71FC-44ED-9950-2B22E04106D4}.Release|Win32.Build.0 = Release|Win32
		{89C1F848-71FC-44ED-9950-2B22E04106D4}.ReleaseVR920|Win32.ActiveCfg = ReleaseVR920|Win32
		{89C1F848-71FC-44ED-9950-2B22E04106D4}.ReleaseVR920|Win32.Build.0 = ReleaseVR920|Win32
		{0CBF7982-168C-4B1D-A13D-31677B2EBDE8}.Debug|Win32.ActiveCfg = Debug|Win32
		{0CBF7982-168C-4B1D-A13D-31677B2EBDE8}.Debug|Win32.Build.0 = Debug|Win32
		{0CBF7982-168C-4B1D-A13D-31677B2EBDE8}.Release|Win32.ActiveCfg = Release|Win32
		{0CBF7982-168C-4B1D-A13D-31677B2EBDE8}.Release|Win32.Build.0 = Release|Win32
		{0CBF7982-168C-4B1D-A13D-31677B2EBDE8}.ReleaseVR920|Win32.ActiveCfg = ReleaseVR920|Win32
		{0CBF7982-168C-4B1D-A13D-31677B2EBDE8}.ReleaseVR920|Win32.Build.0 = ReleaseVR920|Win32
		{AC10FD14-D3B5-4072-9C3A-5D643CE31133}.Debug|Win32.ActiveCfg = Debug|Win32
		{AC10FD14-D3B5-4072-9C3A-5D643CE31133}.Debug|Win32.Build.0 = Debug|Win32
		{AC10FD14-D3B5-4072-9C3A-5D643CE31133}.Release|Win32.ActiveCfg = Release|Win32
		{AC10FD14-D3B5-4072-9C3A-5D643CE31133}.Release|Win32.Build.0 = Release|Win32
		{AC10FD14-D3B5-4072-9C3A-5D643CE31133}.ReleaseVR920|Win32.ActiveCfg = ReleaseVR920|Win32
		{AC10FD14-D3B5-4072-9C3A-5D643CE31133}.ReleaseVR920|Win32.Build.0 = ReleaseVR920|Win32
		{926C46CA-C901-448F-B5D0-843BC77E91F4}.Debug|Win32.ActiveCfg = Debug|Win32
		{926C46CA-C901-448F-B5D0-843BC77E91F4}.Debug|Win32.Build.0 = Debug|Win32
		{926C46CA-C901-448F-B5D0-843BC77E91F4}.Release|Win32.ActiveCfg = Release|Win32
		{926C46CA-C901-448F-B5D0-843BC77E91F4}.Release|Win32.Build.0 = Release|Win32
		{926C46CA-C901-448F-B5D0-843BC77E91F4}.ReleaseVR920|Win32.ActiveCfg = ReleaseVR920|Win32
		{926C46CA-C901-448F-B5D0-843BC77E91F4}.ReleaseVR920|Win32.Build.0 = ReleaseVR920|Win32
		{129EA144-2131-4FDD-B21D-1712A35DACED}.Debug|Win32.ActiveCfg = Debug|Win32
		{129EA144-2131-4FDD-B21D-1712A35DACED}.Debug|Win32.Build.0 = Debug|Win32
		{129EA144-2131-4FDD-B21D-1712A35DACED}.Release|Win32.ActiveCfg = Release|Win32
		{129EA144-2131-4FDD-B21D-1712A35DACED}.Release|Win32.Build.0 = Release|Win32
		{129EA144-2131-4FDD-B21D-1712A35DACED}.ReleaseVR920|Win32.ActiveCfg = ReleaseVR920|Win32
		{129EA144-2131-4FDD-B21D-1712A35DACED}.ReleaseVR920|Win32.Build.0 = ReleaseVR920|Win32
		{587A2237-A34E-4926-B576-C68393198344}.Debug|Win32.ActiveCfg = Debug|Win32
		{587A2237-A34E-4926-B576-C68393198344}.Debug|Win32.Build.0 = Debug|Win32
		{587A2237-A34E-4926-B576-C68393198344}.Release|Win32.ActiveCfg = Release|Win32
		{587A2237-A34E-4926-B576-C68393198344}.Release|Win32.Build.0 = Release|Win32
		{587A2237-A34E-4926-B576-C68393198344}.ReleaseVR920|Win32.ActiveCfg = ReleaseVR920|Win32
		{587A2237-A34E-4926-B576-C68393198344}.ReleaseVR920|Win32.Build.0 = ReleaseVR920|Win32
		{BD2F077B-E7D4-4AA7-9AEA-B9F423615273}.Debug|Win32.ActiveCfg = Debug|Win32
		{BD2F077B-E7D4-4AA7-9AEA-B9F423615273}.Debug|Win32.Build.0 = Debug|Win32
		{BD2F077B-E7D4-4AA7-9AEA-B9F423615273}.Release|Win32.ActiveCfg = Release|Win32
		{BD2F077B-E7D4-4AA7-9AEA-B9F423615273}.Release|Win32.Build.0 = Release|Win32
		{BD2F077B-E7D4-4AA7-9AEA-B9F423615273}.ReleaseVR920|Win32.ActiveCfg = ReleaseVR920|Win32
		{BD2F077B-E7D4-4AA7-9AEA-B9F423615273}.ReleaseVR920|Win32.Build.0 = ReleaseVR920|Win32
		{64DD96EF-55A8-469E-BBA3-D5D6D09C371D}.Debug|Win32.ActiveCfg = Debug|Win32
		{64DD96EF-55A8-469E-BBA3-D5D6D09C371D}.Debug|Win32.Build.0 = Debug|Win32
		{64DD96EF-55A8-469E-BBA3-D5D6D09C371D}.Release|Win32.ActiveCfg = Release|Win32
		{64DD96EF-55A8-469E-BBA3-D5D6D09C371D}.Release|Win32.Build.0 = Release|Win32
		{64DD96EF-55A8-469E-BBA3-D5D6D09C371D}.ReleaseVR920|Win32.ActiveCfg = ReleaseVR920|Win32
		{64DD96EF-55A8-469E-BBA3-D5D6D09C371D}.ReleaseVR920|Win32.Build.0 = ReleaseVR920|Win32
		{F175524C-5844-40B7-A277-A38DEAEBB035}.Debug|Win32.ActiveCfg = Debug|Win32
		{F175524C-5844-40B7-A277-A38DEAEBB035}.Debug|Win32.Build.0 = Debug|Win32
		{F175524C-5844-40B7-A277-A38DEAEBB035}.Release|Win32.ActiveCfg = Release|Win32
		{F175524C-5844-40B7-A277-A38DEAEBB035}.Release|Win32.Build.0 = Release|Win32
		{F175524C-5844-40B7-A277-A38DEAEBB035}.ReleaseVR920|Win32.ActiveCfg = ReleaseVR920|Win32
		{F175524C-5844-40B7-A277-A38DEAEBB035}.ReleaseVR920|Win32.Build.0 = ReleaseVR920|Win32
		{56E515F8-2F1C-4C54-8C00-1C1CCC7AFC86}.Debug|Win32.ActiveCfg = Debug|Win32
		{56E515F8-2F1C-4C54-8C00-1C1CCC7AFC86}.Debug|Win32.Build.0 = Debug|Win32
		{56E515F8-2F1C-4C54-8C00-1C1CCC7AFC86}.Release|Win32.ActiveCfg = Release|Win32
		{56E515F8-2F1C-4C54-8C00-1C1CCC7AFC86}.Release|Win32.Build.0 = Release|Win32
		{56E515F8-2F1C-4C54-8C00-1C1CCC7AFC86}.ReleaseVR920|Win32.ActiveCfg = ReleaseVR920|Win32
		{56E515F8-2F1C-4C54-8C00-1C1CCC7AFC86}.ReleaseVR920|Win32.Build.0 = ReleaseVR920|Win32
		{452BDFA1-680F-4ECE-9D35-AE124D23E58A}.Debug|Win32.ActiveCfg = Debug|Win32
		{452BDFA1-680F-4ECE-9D35-AE124D23E58A}.Debug|Win32.Build.0 = Debug|Win32
		{452BDFA1-680F-4ECE-9D35-AE124D23E58A}.Release|Win32.ActiveCfg = Release|Win32
		{452BDFA1-680F-4ECE-9D35-AE124D23E58A}.Release|Win32.Build.0 = Release|Win32
		{452BDFA1-680F-4ECE-9D35-AE124D23E58A}.ReleaseVR920|Win32.ActiveCfg = ReleaseVR920|Win32
		{452BDFA1-680F-4ECE-9D35-AE124D23E58A}.ReleaseVR920|Win32.Build.0 = ReleaseVR920|Win32
		{1B0485B2-3B95-4597-A21C-072677B9979F}.Debug|Win32.ActiveCfg = Debug|Win32
		{1B0485B2-3B95-4597-A21C-072677B9979F}.Debug|Win32.Build.0 = Debug|Win32
		{1B0485B2-3B95-4597-A21C-072677B9979F}.Release|Win32.ActiveCfg = Release|Win32
		{1B0485B2-3B95-4597-A21C-072677B9979F}.Release|Win32.Build.0 = Release|Win32
		{1B0485B2-3B95-4597-A21C-072677B9979F}.ReleaseVR920|Win32.ActiveCfg = ReleaseVR920|Win32
		{1B0485B2-3B95-4597-A21C-072677B9979F}.ReleaseVR920|Win32.Build.0 = ReleaseVR920|Win32
		{0F965212-559C-4FE5-916C-B04466058DB0}.Debug|Win32.ActiveCfg = Debug|Win32
		{0F965212-559C-4FE5-916C-B04466058DB0}.Debug|Win32.Build.0 = Debug|Win32
		{0F965212-559C-4FE5-916C-B04466058DB0}.Release|Win32.ActiveCfg = Release|Win32
		{0F965212-559C-4FE5-916C-B04466058DB0}.Release|Win32.Build.0 = Release|Win32
		{0F965212-559C-4FE5-916C-B04466058DB0}.ReleaseVR920|Win32.ActiveCfg = ReleaseVR920|Win32
		{0F965212-559C-4FE5-916C-B04466058DB0}.ReleaseVR920|Win32.Build.0 = ReleaseVR920|Win32
		{8A18E906-0B82-4A2E-B382-C6A037CD9DD3}.Debug|Win32.ActiveCfg = Debug|Win32
		{8A18E906-0B82-4A2E-B382-C6A037CD9DD3}.Debug|Win32.Build.0 = Debug|Win32
		{8A18E906-0B82-4A2E-B382-C6A037CD9DD3}.Release|Win32.ActiveCfg = Release|Win32
		{8A18E906-0B82-4A2E-B382-C6A037CD9DD3}.Release|Win32.Build.0 = Release|Win32
		{8A18E906-0B82-4A2E-B382-C6A037CD9DD3}.ReleaseVR920|Win32.ActiveCfg = ReleaseVR920|Win32
		{8A18E906-0B82-4A2E-B382-C6A037CD9DD3}.ReleaseVR920|Win32.Build.0 = ReleaseVR920|Win32
		{8DF66428-22D9-4F0A-B0AE-290FF3B7C036}.Debug|Win32.ActiveCfg = Debug|Win32
		{8DF66428-22D9-4F0A-B0AE-290FF3B7C036}.Debug|Win32.Build.0 = Debug|Win32
		{8DF66428-22D9-4F0A-B0AE-290FF3B7C036}.Release|Win32.ActiveCfg = Release|Win32
		{8DF66428-22D9-4F0A-B0AE-290FF3B7C036}.Release|Win32.Build.0 = Release|Win32
		{8DF66428-22D9-4F0A-B0AE-290FF3B7C036}.ReleaseVR920|Win32.ActiveCfg = ReleaseVR920|Win32
		{8DF66428-22D9-4F0A-B0AE-290FF3B7C036}.ReleaseVR920|Win32.Build.0 = ReleaseVR920|Win32
		{AFC4A30F-8601-4B32-B4F2-DAF5D2ACC6CA}.Debug|Win32.ActiveCfg = Debug|Win32
		{AFC4A30F-8601-4B32-B4F2-DAF5D2ACC6CA}.Debug|Win32.Build.0 = Debug|Win32
		{AFC4A30F-8601-4B32-B4F2-DAF5D2ACC6CA}.Release|Win32.ActiveCfg = Release|Win32
		{AFC4A30F-8601-4B32-B4F2-DAF5D2ACC6CA}.Release|Win32.Build.0 = Release|Win32
		{AFC4A30F-8601-4B32-B4F2-DAF5D2ACC6CA}.ReleaseVR920|Win32.ActiveCfg = ReleaseVR920|Win32
		{AFC4A30F-8601-4B32-B4F2-DAF5D2ACC6CA}.ReleaseVR920|Win32.Build.0 = ReleaseVR920|Win32
		{6F0714A6-70E8-4AD1-B167-C9F3BB05DB2D}.Debug|Win32.ActiveCfg = Debug|Win32
		{6F0714A6-70E8-4AD1-B167-C9F3BB05DB2D}.Debug|Win32.Build.0 = Debug|Win32
		{6F0714A6-70E8-4AD1-B167-C9F3BB05DB2D}.Release|Win32.ActiveCfg = Release|Win32
		{6F0714A6-70E8-4AD1-B167-C9F3BB05DB2D}.Release|Win32.Build.0 = Release|Win32
		{6F0714A6-70E8-4AD1-B167-C9F3BB05DB2D}.ReleaseVR920|Win32.ActiveCfg = ReleaseVR920|Win32
		{6F0714A6-70E8-4AD1-B167-C9F3BB05DB2D}.ReleaseVR920|Win32.Build.0 = ReleaseVR920|Win32
		{DE350588-951A-4821-B677-349B47839818}.Debug|Win32.ActiveCfg = Debug|Win32
		{DE350588-951A-4821-B677-349B47839818}.Debug|Win32.Build.0 = Debug|Win32
		{DE350588-951A-4821-B677-349B47839818}.Release|Win32.ActiveCfg = Release|Win32
		{DE350588-951A-4821-B677-349B47839818}.Release|Win32.Build.0 = Release|Win32
		{DE350588-951A-4821-B677-349B47839818}.ReleaseVR920|Win32.ActiveCfg = ReleaseVR920|Win32
		{DE350588-951A-4821-B677-349B47839818}.ReleaseVR920|Win32.Build.0 = ReleaseVR920|Win32
		{6EEA7039-3B99-44C6-A6F4-64407C9CF40A}.Debug|Win32.ActiveCfg = Debug|Win32
		{6EEA7039-3B99-44C6-A6F4-64407C9CF40A}.Debug|Win32.Build.0 = Debug|Win32
		{6EEA7039-3B99-44C6-A6F4-64407C9CF40A}.Release|Win32.ActiveCfg = Release|Win32
		{6EEA7039-3B99-44C6-A6F4-64407C9CF40A}.Release|Win32.Build.0 = Release|Win32
		{6EEA7039-3B99-44C6-A6F4-64407C9CF40A}.ReleaseVR920|Win32.ActiveCfg = ReleaseVR920|Win32
		{6EEA7039-3B99-44C6-A6F4-64407C9CF40A}.ReleaseVR920|Win32.Build.0 = ReleaseVR920|Win32
		{17A8BB33-5A57-44CD-BC69-6137EF32DF5A}.Debug|Win32.ActiveCfg = Debug|Win32
		{17A8BB33-5A57-44CD-BC69-6137EF32DF5A}.Debug|Win32.Build.0 = Debug|Win32
		{17A8BB33-5A57-44CD-BC69-6137EF32DF5A}.Release|Win32.ActiveCfg = Release|Win32
		{17A8BB33-5A57-44CD-BC69-6137EF32DF5A}.Release|Win32.Build.0 = Release|Win32
		{17A8BB33-5A57-44CD-BC69-6137EF32DF5A}.ReleaseVR920|Win32.ActiveCfg = ReleaseVR920|Win32
		{17A8BB33-5A57-44CD-BC69-6137EF32DF5A}.ReleaseVR920|Win32.Build.0 = ReleaseVR920|Win32
		{3C0748EC-19B6-4831-BF9B-3C42B460329C}.Debug|Win32.ActiveCfg = Debug|Win32
		{3C0748EC-19B6-4831-BF9B-3C42B460329C}.Debug|Win32.Build.0 = Debug|Win32
		{3C0748EC-19B6-4831-BF9B-3C42B460329C}.Release|Win32.ActiveCfg = Release|Win32
		{3C0748EC-19B6-4831-BF9B-3C42B460329C}.Release|Win32.Build.0 = Release|Win32
		{3C0748EC-19B6-4831-BF9B-3C42B460329C}.ReleaseVR920|Win32.ActiveCfg = ReleaseVR920|Win32
		{3C0748EC-19B6-4831-BF9B-3C42B460329C}.ReleaseVR920|Win32.Build.0 = ReleaseVR920|Win32
		{DE9E567C-4AA5-43BC-9533-FEA6168B19B9}.Debug|Win32.ActiveCfg = Debug|Win32
		{DE9E567C-4AA5-43BC-9533-FEA6168B19B9}.Debug|Win32.Build.0 = Debug|Win32
		{DE9E567C-4AA5-43BC-9533-FEA6168B19B9}.Release|Win32.ActiveCfg = Release|Win32
		{DE9E567C-4AA5-43BC-9533-FEA6168B19B9}.Release|Win32.Build.0 = Release|Win32
		{DE9E567C-4AA5-43BC-9533-FEA6168B19B9}.ReleaseVR920|Win32.ActiveCfg = ReleaseVR920|Win32
		{DE9E567C-4AA5-43BC-9533-FEA6168B19B9}.ReleaseVR920|Win32.Build.0 = ReleaseVR920|Win32
		{CA64D616-24FB-422D-94A0-94B65DFA326A}.Debug|Win32.ActiveCfg = Debug|Win32
		{CA64D616-24FB-422D-94A0-94B65DFA326A}.Debug|Win32.Build.0 = Debug|Win32
		{CA64D616-24FB-422D-94A0-94B65DFA326A}.Release|Win32.ActiveCfg = Release|Win32
		{CA64D616-24FB-422D-94A0-94B65DFA326A}.Release|Win32.Build.0 = Release|Win32
		{CA64D616-24FB-422D-94A0-94B65DFA326A}.ReleaseVR920|Win32.ActiveCfg = ReleaseVR920|Win32
		{CA64D616-24FB-422D-94A0-94B65DFA326A}.ReleaseVR920|Win32.Build.0 = ReleaseVR920|Win32
		{B7F71E7B-68F1-4BBF-8660-FBD4F6309571}.Debug|Win32.ActiveCfg = Debug|Win32
		{B7F71E7B-68F1-4BBF-8660-FBD4F6309571}.Debug|Win32.Build.0 = Debug|Win32
		{B7F71E7B-68F1-4BBF-8660-FBD4F6309571}.Release|Win32.ActiveCfg = Release|Win32
		{B7F71E7B-68F1-4BBF-8660-FBD4F6309571}.Release|Win32.Build.0 = Release|Win32
		{B7F71E7B-68F1-4BBF-8660-FBD4F6309571}.ReleaseVR920|Win32.ActiveCfg = ReleaseVR920|Win32
		{B7F71E7B-68F1-4BBF-8660-FBD4F6309571}.ReleaseVR920|Win32.Build.0 = ReleaseVR920|Win32
		{5C63A0F3-4477-46D3-BEC1-AEDDDD642476}.Debug|Win32.ActiveCfg = Debug|Win32
		{5C63A0F3-4477-46D3-BEC1-AEDDDD642476}.Debug|Win32.Build.0 = Debug|Win32
		{5C63A0F3-4477-46D3-BEC1-AEDDDD642476}.Release|Win32.ActiveCfg = Release|Win32
		{5C63A0F3-4477-46D3-BEC1-AEDDDD642476}.Release|Win32.Build.0 = Release|Win32
		{5C63A0F3-4477-46D3-BEC1-AEDDDD642476}.ReleaseVR920|Win32.ActiveCfg = ReleaseVR920|Win32
		{5C63A0F3-4477-46D3-BEC1-AEDDDD642476}.ReleaseVR920|Win32.Build.0 = ReleaseVR920|Win32
		{63A88E85-4B55-481B-92C5-A61B707F0A27}.Debug|Win32.ActiveCfg = Debug|Win32
		{63A88E85-4B55-481B-92C5-A61B707F0A27}.Debug|Win32.Build.0 = Debug|Win32
		{63A88E85-4B55-481B-92C5-A61B707F0A27}.Release|Win32.ActiveCfg = Release|Win32
		{63A88E85-4B55-481B-92C5-A61B707F0A27}.Release|Win32.Build.0 = Release|Win32
		{63A88E85-4B55-481B-92C5-A61B707F0A27}.ReleaseVR920|Win32.ActiveCfg = ReleaseVR920|Win32
		{63A88E85-4B55-481B-92C5-A61B707F0A27}.ReleaseVR920|Win32.Build.0 = ReleaseVR920|Win32
		{2332EAA0-0167-465B-A59A-8CF73266E92C}.Debug|Win32.ActiveCfg = Debug|Win32
		{2332EAA0-0167-465B-A59A-8CF73266E92C}.Debug|Win32.Build.0 = Debug|Win32
		{2332EAA0-0167-465B-A59A-8CF73266E92C}.Release|Win32.ActiveCfg = Release|Win32
		{2332EAA0-0167-465B-A59A-8CF73266E92C}.Release|Win32.Build.0 = Release|Win32
		{2332EAA0-0167-465B-A59A-8CF73266E92C}.ReleaseVR920|Win32.ActiveCfg = ReleaseVR920|Win32
		{2332EAA0-0167-465B-A59A-8CF73266E92C}.ReleaseVR920|Win32.Build.0 = ReleaseVR920|Win32
		{11467B8D-C4C2-447E-B6AC-5D5DD7EEA403}.Debug|Win32.ActiveCfg = Debug|Win32
		{11467B8D-C4C2-447E-B6AC-5D5DD7EEA403}.Debug|Win32.Build.0 = Debug|Win32
		{11467B8D-C4C2-447E-B6AC-5D5DD7EEA403}.Release|Win32.ActiveCfg = Release|Win32
		{11467B8D-C4C2-447E-B6AC-5D5DD7EEA403}.Release|Win32.Build.0 = Release|Win32
		{11467B8D-C4C2-447E-B6AC-5D5DD7EEA403}.ReleaseVR920|Win32.ActiveCfg = ReleaseVR920|Win32
		{11467B8D-C4C2-447E-B6AC-5D5DD7EEA403}.ReleaseVR920|Win32.Build.0 = ReleaseVR920|Win32
		{2D50D33E-785A-4143-8853-5BB8DEA05FF0}.Debug|Win32.ActiveCfg = Debug|Win32
		{2D50D33E-785A-4143-8853-5BB8DEA05FF0}.Debug|Win32.Build.0 = Debug|Win32
		{2D50D33E-785A-4143-8853-5BB8DEA05FF0}.Release|Win32.ActiveCfg = Release|Win32
		{2D50D33E-785A-4143-8853-5BB8DEA05FF0}.Release|Win32.Build.0 = Release|Win32
		{2D50D33E-785A-4143-8853-5BB8DEA05FF0}.ReleaseVR920|Win32.ActiveCfg = ReleaseVR920|Win32
		{2D50D33E-785A-4143-8853-5BB8DEA05FF0}.ReleaseVR920|Win32.Build.0 = ReleaseVR920|Win32
		{F1A87370-7B10-41D6-9309-B8EF964E5DE3}.Debug|Win32.ActiveCfg = Debug|Win32
		{F1A87370-7B10-41D6-9309-B8EF964E5DE3}.Debug|Win32.Build.0 = Debug|Win32
		{F1A87370-7B10-41D6-9309-B8EF964E5DE3}.Release|Win32.ActiveCfg = Release|Win32
		{F1A87370-7B10-41D6-9309-B8EF964E5DE3}.Release|Win32.Build.0 = Release|Win32
		{F1A87370-7B10-41D6-9309-B8EF964E5DE3}.ReleaseVR920|Win32.ActiveCfg = ReleaseVR920|Win32
		{F1A87370-7B10-41D6-9309-B8EF964E5DE3}.ReleaseVR920|Win32.Build.0 = ReleaseVR920|Win32
	EndGlobalSection
	GlobalSection(SolutionProperties) = preSolution
		HideSolutionNode = FALSE
	EndGlobalSection
EndGlobal
